// !$*UTF8*$!
{
	archiveVersion = 1;
	classes = {
	};
	objectVersion = 52;
	objects = {

/* Begin PBXBuildFile section */
		5E18C1D226C01429009549C9 /* PanelController.swift in Sources */ = {isa = PBXBuildFile; fileRef = 5E18C1D126C01429009549C9 /* PanelController.swift */; };
		5E98AF6726C05397001811C5 /* KEUIKit in Frameworks */ = {isa = PBXBuildFile; productRef = 5E98AF6626C05397001811C5 /* KEUIKit */; };
		5E98AF6A26C053B5001811C5 /* KEFoundation in Frameworks */ = {isa = PBXBuildFile; productRef = 5E98AF6926C053B5001811C5 /* KEFoundation */; };
		5EEB7FC626C00EA8003326C8 /* KEDebugKit.framework in Frameworks */ = {isa = PBXBuildFile; fileRef = 5EEB7FBC26C00EA8003326C8 /* KEDebugKit.framework */; };
		5EEB7FCB26C00EA8003326C8 /* KEDebugKitTests.swift in Sources */ = {isa = PBXBuildFile; fileRef = 5EEB7FCA26C00EA8003326C8 /* KEDebugKitTests.swift */; };
		5EEB7FCD26C00EA8003326C8 /* KEDebugKit.h in Headers */ = {isa = PBXBuildFile; fileRef = 5EEB7FBF26C00EA8003326C8 /* KEDebugKit.h */; settings = {ATTRIBUTES = (Public, ); }; };
		5EFF892326C01BC300E791E6 /* DebugWindowController.swift in Sources */ = {isa = PBXBuildFile; fileRef = 5EFF892226C01BC300E791E6 /* DebugWindowController.swift */; };
		5EFF892626C01C8100E791E6 /* PassthroughWindow.swift in Sources */ = {isa = PBXBuildFile; fileRef = 5EFF892526C01C8100E791E6 /* PassthroughWindow.swift */; };
		5EFF892926C01CDC00E791E6 /* UIWindow+PreventStatusBarEventSwallowing.swift in Sources */ = {isa = PBXBuildFile; fileRef = 5EFF892826C01CDC00E791E6 /* UIWindow+PreventStatusBarEventSwallowing.swift */; };
/* End PBXBuildFile section */

/* Begin PBXContainerItemProxy section */
		5EEB7FC726C00EA8003326C8 /* PBXContainerItemProxy */ = {
			isa = PBXContainerItemProxy;
			containerPortal = 5EEB7FB326C00EA8003326C8 /* Project object */;
			proxyType = 1;
			remoteGlobalIDString = 5EEB7FBB26C00EA8003326C8;
			remoteInfo = KEDebugKit;
		};
/* End PBXContainerItemProxy section */

/* Begin PBXFileReference section */
		5E18C1BA26C01272009549C9 /* KEDebugKit-Shared.xcconfig */ = {isa = PBXFileReference; fileEncoding = 4; lastKnownFileType = text.xcconfig; path = "KEDebugKit-Shared.xcconfig"; sourceTree = "<group>"; };
		5E18C1BB26C01272009549C9 /* KEDebugKit-Release.xcconfig */ = {isa = PBXFileReference; fileEncoding = 4; lastKnownFileType = text.xcconfig; path = "KEDebugKit-Release.xcconfig"; sourceTree = "<group>"; };
		5E18C1BC26C01272009549C9 /* KEDebugKit-Debug.xcconfig */ = {isa = PBXFileReference; fileEncoding = 4; lastKnownFileType = text.xcconfig; path = "KEDebugKit-Debug.xcconfig"; sourceTree = "<group>"; };
		5E18C1BE26C01272009549C9 /* KEDebugKit-Unit-Tests-Debug.xcconfig */ = {isa = PBXFileReference; fileEncoding = 4; lastKnownFileType = text.xcconfig; path = "KEDebugKit-Unit-Tests-Debug.xcconfig"; sourceTree = "<group>"; };
		5E18C1BF26C01272009549C9 /* KEDebugKit-Unit-Tests-Release.xcconfig */ = {isa = PBXFileReference; fileEncoding = 4; lastKnownFileType = text.xcconfig; path = "KEDebugKit-Unit-Tests-Release.xcconfig"; sourceTree = "<group>"; };
		5E18C1C026C01272009549C9 /* KEDebugKit-Unit-Tests-Shared.xcconfig */ = {isa = PBXFileReference; fileEncoding = 4; lastKnownFileType = text.xcconfig; path = "KEDebugKit-Unit-Tests-Shared.xcconfig"; sourceTree = "<group>"; };
		5E18C1C226C01272009549C9 /* Project-Release.xcconfig */ = {isa = PBXFileReference; fileEncoding = 4; lastKnownFileType = text.xcconfig; path = "Project-Release.xcconfig"; sourceTree = "<group>"; };
		5E18C1C326C01272009549C9 /* Project-Shared.xcconfig */ = {isa = PBXFileReference; fileEncoding = 4; lastKnownFileType = text.xcconfig; path = "Project-Shared.xcconfig"; sourceTree = "<group>"; };
		5E18C1C426C01272009549C9 /* Project-Debug.xcconfig */ = {isa = PBXFileReference; fileEncoding = 4; lastKnownFileType = text.xcconfig; path = "Project-Debug.xcconfig"; sourceTree = "<group>"; };
		5E18C1D126C01429009549C9 /* PanelController.swift */ = {isa = PBXFileReference; lastKnownFileType = sourcecode.swift; path = PanelController.swift; sourceTree = "<group>"; };
		5EEB7FBC26C00EA8003326C8 /* KEDebugKit.framework */ = {isa = PBXFileReference; explicitFileType = wrapper.framework; includeInIndex = 0; path = KEDebugKit.framework; sourceTree = BUILT_PRODUCTS_DIR; };
		5EEB7FBF26C00EA8003326C8 /* KEDebugKit.h */ = {isa = PBXFileReference; lastKnownFileType = sourcecode.c.h; path = KEDebugKit.h; sourceTree = "<group>"; };
		5EEB7FC026C00EA8003326C8 /* Info.plist */ = {isa = PBXFileReference; lastKnownFileType = text.plist.xml; path = Info.plist; sourceTree = "<group>"; };
		5EEB7FC526C00EA8003326C8 /* KEDebugKit Unit Tests.xctest */ = {isa = PBXFileReference; explicitFileType = wrapper.cfbundle; includeInIndex = 0; path = "KEDebugKit Unit Tests.xctest"; sourceTree = BUILT_PRODUCTS_DIR; };
		5EEB7FCA26C00EA8003326C8 /* KEDebugKitTests.swift */ = {isa = PBXFileReference; lastKnownFileType = sourcecode.swift; path = KEDebugKitTests.swift; sourceTree = "<group>"; };
		5EEB7FCC26C00EA8003326C8 /* Info.plist */ = {isa = PBXFileReference; lastKnownFileType = text.plist.xml; path = Info.plist; sourceTree = "<group>"; };
		5EFF892226C01BC300E791E6 /* DebugWindowController.swift */ = {isa = PBXFileReference; lastKnownFileType = sourcecode.swift; path = DebugWindowController.swift; sourceTree = "<group>"; };
		5EFF892526C01C8100E791E6 /* PassthroughWindow.swift */ = {isa = PBXFileReference; lastKnownFileType = sourcecode.swift; path = PassthroughWindow.swift; sourceTree = "<group>"; };
		5EFF892826C01CDC00E791E6 /* UIWindow+PreventStatusBarEventSwallowing.swift */ = {isa = PBXFileReference; lastKnownFileType = sourcecode.swift; path = "UIWindow+PreventStatusBarEventSwallowing.swift"; sourceTree = "<group>"; };
		5EFF892A26C02D2B00E791E6 /* README.md */ = {isa = PBXFileReference; lastKnownFileType = net.daringfireball.markdown; path = README.md; sourceTree = "<group>"; };
/* End PBXFileReference section */

/* Begin PBXFrameworksBuildPhase section */
		5EEB7FB926C00EA8003326C8 /* Frameworks */ = {
			isa = PBXFrameworksBuildPhase;
			buildActionMask = 2147483647;
			files = (
				5E98AF6726C05397001811C5 /* KEUIKit in Frameworks */,
				5E98AF6A26C053B5001811C5 /* KEFoundation in Frameworks */,
			);
			runOnlyForDeploymentPostprocessing = 0;
		};
		5EEB7FC226C00EA8003326C8 /* Frameworks */ = {
			isa = PBXFrameworksBuildPhase;
			buildActionMask = 2147483647;
			files = (
				5EEB7FC626C00EA8003326C8 /* KEDebugKit.framework in Frameworks */,
			);
			runOnlyForDeploymentPostprocessing = 0;
		};
/* End PBXFrameworksBuildPhase section */

/* Begin PBXGroup section */
		5E18C1B926C01272009549C9 /* KEDebugKit */ = {
			isa = PBXGroup;
			children = (
				5E18C1BA26C01272009549C9 /* KEDebugKit-Shared.xcconfig */,
				5E18C1BC26C01272009549C9 /* KEDebugKit-Debug.xcconfig */,
				5E18C1BB26C01272009549C9 /* KEDebugKit-Release.xcconfig */,
			);
			path = KEDebugKit;
			sourceTree = "<group>";
		};
		5E18C1BD26C01272009549C9 /* KEDebugKit Unit Tests */ = {
			isa = PBXGroup;
			children = (
				5E18C1C026C01272009549C9 /* KEDebugKit-Unit-Tests-Shared.xcconfig */,
				5E18C1BE26C01272009549C9 /* KEDebugKit-Unit-Tests-Debug.xcconfig */,
				5E18C1BF26C01272009549C9 /* KEDebugKit-Unit-Tests-Release.xcconfig */,
			);
			path = "KEDebugKit Unit Tests";
			sourceTree = "<group>";
		};
		5E18C1C126C01272009549C9 /* Project */ = {
			isa = PBXGroup;
			children = (
				5E18C1C326C01272009549C9 /* Project-Shared.xcconfig */,
				5E18C1C426C01272009549C9 /* Project-Debug.xcconfig */,
				5E18C1C226C01272009549C9 /* Project-Release.xcconfig */,
			);
			path = Project;
			sourceTree = "<group>";
		};
		5E18C1CF26C01364009549C9 /* Other Sources */ = {
			isa = PBXGroup;
			children = (
				5EEB7FBF26C00EA8003326C8 /* KEDebugKit.h */,
			);
			path = "Other Sources";
			sourceTree = "<group>";
		};
		5E18C1D026C01415009549C9 /* Panel */ = {
			isa = PBXGroup;
			children = (
				5E18C1D126C01429009549C9 /* PanelController.swift */,
			);
			path = Panel;
			sourceTree = "<group>";
		};
		5E1E245226C0300800DC80B1 /* Unit Tests */ = {
			isa = PBXGroup;
			children = (
				5EEB7FCC26C00EA8003326C8 /* Info.plist */,
			);
			path = "Unit Tests";
			sourceTree = "<group>";
		};
		5EEB7FB226C00EA8003326C8 = {
			isa = PBXGroup;
			children = (
				5EFF892A26C02D2B00E791E6 /* README.md */,
				5EEB7FBE26C00EA8003326C8 /* Sources */,
				5EEB7FC926C00EA8003326C8 /* Unit Tests */,
				5E18C1CF26C01364009549C9 /* Other Sources */,
				5EEB7FD826C00F6E003326C8 /* Resources */,
				5EEB7FBD26C00EA8003326C8 /* Products */,
			);
			sourceTree = "<group>";
		};
		5EEB7FBD26C00EA8003326C8 /* Products */ = {
			isa = PBXGroup;
			children = (
				5EEB7FBC26C00EA8003326C8 /* KEDebugKit.framework */,
				5EEB7FC526C00EA8003326C8 /* KEDebugKit Unit Tests.xctest */,
			);
			name = Products;
			sourceTree = "<group>";
		};
		5EEB7FBE26C00EA8003326C8 /* Sources */ = {
			isa = PBXGroup;
			children = (
				5EFF892126C01BB300E791E6 /* WindowController */,
				5E18C1D026C01415009549C9 /* Panel */,
				5EFF892726C01CB700E791E6 /* Utilities */,
			);
			path = Sources;
			sourceTree = "<group>";
		};
		5EEB7FC926C00EA8003326C8 /* Unit Tests */ = {
			isa = PBXGroup;
			children = (
				5EEB7FCA26C00EA8003326C8 /* KEDebugKitTests.swift */,
			);
			path = "Unit Tests";
			sourceTree = "<group>";
		};
		5EEB7FD826C00F6E003326C8 /* Resources */ = {
			isa = PBXGroup;
			children = (
				5E1E245226C0300800DC80B1 /* Unit Tests */,
				5EEB7FD926C0103E003326C8 /* Project Configuration */,
				5EEB7FC026C00EA8003326C8 /* Info.plist */,
			);
			path = Resources;
			sourceTree = "<group>";
		};
		5EEB7FD926C0103E003326C8 /* Project Configuration */ = {
			isa = PBXGroup;
			children = (
				5E18C1C126C01272009549C9 /* Project */,
				5E18C1B926C01272009549C9 /* KEDebugKit */,
				5E18C1BD26C01272009549C9 /* KEDebugKit Unit Tests */,
			);
			path = "Project Configuration";
			sourceTree = "<group>";
		};
		5EFF892126C01BB300E791E6 /* WindowController */ = {
			isa = PBXGroup;
			children = (
				5EFF892226C01BC300E791E6 /* DebugWindowController.swift */,
				5EFF892526C01C8100E791E6 /* PassthroughWindow.swift */,
			);
			path = WindowController;
			sourceTree = "<group>";
		};
		5EFF892726C01CB700E791E6 /* Utilities */ = {
			isa = PBXGroup;
			children = (
				5EFF892826C01CDC00E791E6 /* UIWindow+PreventStatusBarEventSwallowing.swift */,
			);
			path = Utilities;
			sourceTree = "<group>";
		};
/* End PBXGroup section */

/* Begin PBXHeadersBuildPhase section */
		5EEB7FB726C00EA8003326C8 /* Headers */ = {
			isa = PBXHeadersBuildPhase;
			buildActionMask = 2147483647;
			files = (
				5EEB7FCD26C00EA8003326C8 /* KEDebugKit.h in Headers */,
			);
			runOnlyForDeploymentPostprocessing = 0;
		};
/* End PBXHeadersBuildPhase section */

/* Begin PBXNativeTarget section */
		5EEB7FBB26C00EA8003326C8 /* KEDebugKit */ = {
			isa = PBXNativeTarget;
			buildConfigurationList = 5EEB7FD026C00EA8003326C8 /* Build configuration list for PBXNativeTarget "KEDebugKit" */;
			buildPhases = (
				5EEB7FB726C00EA8003326C8 /* Headers */,
				5EEB7FB826C00EA8003326C8 /* Sources */,
				5EEB7FB926C00EA8003326C8 /* Frameworks */,
				5EEB7FBA26C00EA8003326C8 /* Resources */,
			);
			buildRules = (
			);
			dependencies = (
			);
			name = KEDebugKit;
			packageProductDependencies = (
				5E98AF6626C05397001811C5 /* KEUIKit */,
				5E98AF6926C053B5001811C5 /* KEFoundation */,
			);
			productName = KEDebugKit;
			productReference = 5EEB7FBC26C00EA8003326C8 /* KEDebugKit.framework */;
			productType = "com.apple.product-type.framework";
		};
		5EEB7FC426C00EA8003326C8 /* KEDebugKit Unit Tests */ = {
			isa = PBXNativeTarget;
			buildConfigurationList = 5EEB7FD326C00EA8003326C8 /* Build configuration list for PBXNativeTarget "KEDebugKit Unit Tests" */;
			buildPhases = (
				5EEB7FC126C00EA8003326C8 /* Sources */,
				5EEB7FC226C00EA8003326C8 /* Frameworks */,
				5EEB7FC326C00EA8003326C8 /* Resources */,
			);
			buildRules = (
			);
			dependencies = (
				5EEB7FC826C00EA8003326C8 /* PBXTargetDependency */,
			);
			name = "KEDebugKit Unit Tests";
			productName = KEDebugKitTests;
			productReference = 5EEB7FC526C00EA8003326C8 /* KEDebugKit Unit Tests.xctest */;
			productType = "com.apple.product-type.bundle.unit-test";
		};
/* End PBXNativeTarget section */

/* Begin PBXProject section */
		5EEB7FB326C00EA8003326C8 /* Project object */ = {
			isa = PBXProject;
			attributes = {
				LastSwiftUpdateCheck = 1250;
				LastUpgradeCheck = 1250;
				TargetAttributes = {
					5EEB7FBB26C00EA8003326C8 = {
						CreatedOnToolsVersion = 12.5.1;
						LastSwiftMigration = 1250;
					};
					5EEB7FC426C00EA8003326C8 = {
						CreatedOnToolsVersion = 12.5.1;
					};
				};
			};
			buildConfigurationList = 5EEB7FB626C00EA8003326C8 /* Build configuration list for PBXProject "KEDebugKit" */;
			compatibilityVersion = "Xcode 9.3";
			developmentRegion = en;
			hasScannedForEncodings = 0;
			knownRegions = (
				en,
				Base,
			);
			mainGroup = 5EEB7FB226C00EA8003326C8;
			packageReferences = (
				5E98AF6526C05397001811C5 /* XCRemoteSwiftPackageReference "KEUIKit" */,
				5E98AF6826C053B5001811C5 /* XCRemoteSwiftPackageReference "KEFoundation" */,
			);
			productRefGroup = 5EEB7FBD26C00EA8003326C8 /* Products */;
			projectDirPath = "";
			projectRoot = "";
			targets = (
				5EEB7FBB26C00EA8003326C8 /* KEDebugKit */,
				5EEB7FC426C00EA8003326C8 /* KEDebugKit Unit Tests */,
			);
		};
/* End PBXProject section */

/* Begin PBXResourcesBuildPhase section */
		5EEB7FBA26C00EA8003326C8 /* Resources */ = {
			isa = PBXResourcesBuildPhase;
			buildActionMask = 2147483647;
			files = (
			);
			runOnlyForDeploymentPostprocessing = 0;
		};
		5EEB7FC326C00EA8003326C8 /* Resources */ = {
			isa = PBXResourcesBuildPhase;
			buildActionMask = 2147483647;
			files = (
			);
			runOnlyForDeploymentPostprocessing = 0;
		};
/* End PBXResourcesBuildPhase section */

/* Begin PBXSourcesBuildPhase section */
		5EEB7FB826C00EA8003326C8 /* Sources */ = {
			isa = PBXSourcesBuildPhase;
			buildActionMask = 2147483647;
			files = (
				5EFF892926C01CDC00E791E6 /* UIWindow+PreventStatusBarEventSwallowing.swift in Sources */,
				5E18C1D226C01429009549C9 /* PanelController.swift in Sources */,
				5EFF892326C01BC300E791E6 /* DebugWindowController.swift in Sources */,
				5EFF892626C01C8100E791E6 /* PassthroughWindow.swift in Sources */,
			);
			runOnlyForDeploymentPostprocessing = 0;
		};
		5EEB7FC126C00EA8003326C8 /* Sources */ = {
			isa = PBXSourcesBuildPhase;
			buildActionMask = 2147483647;
			files = (
				5EEB7FCB26C00EA8003326C8 /* KEDebugKitTests.swift in Sources */,
			);
			runOnlyForDeploymentPostprocessing = 0;
		};
/* End PBXSourcesBuildPhase section */

/* Begin PBXTargetDependency section */
		5EEB7FC826C00EA8003326C8 /* PBXTargetDependency */ = {
			isa = PBXTargetDependency;
			target = 5EEB7FBB26C00EA8003326C8 /* KEDebugKit */;
			targetProxy = 5EEB7FC726C00EA8003326C8 /* PBXContainerItemProxy */;
		};
/* End PBXTargetDependency section */

/* Begin XCBuildConfiguration section */
		5EEB7FCE26C00EA8003326C8 /* Debug */ = {
			isa = XCBuildConfiguration;
			baseConfigurationReference = 5E18C1C426C01272009549C9 /* Project-Debug.xcconfig */;
			buildSettings = {
			};
			name = Debug;
		};
		5EEB7FCF26C00EA8003326C8 /* Release */ = {
			isa = XCBuildConfiguration;
			baseConfigurationReference = 5E18C1C226C01272009549C9 /* Project-Release.xcconfig */;
			buildSettings = {
			};
			name = Release;
		};
		5EEB7FD126C00EA8003326C8 /* Debug */ = {
			isa = XCBuildConfiguration;
			baseConfigurationReference = 5E18C1BC26C01272009549C9 /* KEDebugKit-Debug.xcconfig */;
			buildSettings = {
				CLANG_ENABLE_MODULES = YES;
				DEFINES_MODULE = YES;
				LD_RUNPATH_SEARCH_PATHS = (
					"$(inherited)",
					"@executable_path/Frameworks",
					"@loader_path/Frameworks",
				);
				SWIFT_OPTIMIZATION_LEVEL = "-Onone";
				SWIFT_VERSION = 5.0;
			};
			name = Debug;
		};
		5EEB7FD226C00EA8003326C8 /* Release */ = {
			isa = XCBuildConfiguration;
			baseConfigurationReference = 5E18C1BB26C01272009549C9 /* KEDebugKit-Release.xcconfig */;
			buildSettings = {
				CLANG_ENABLE_MODULES = YES;
				DEFINES_MODULE = YES;
				LD_RUNPATH_SEARCH_PATHS = (
					"$(inherited)",
					"@executable_path/Frameworks",
					"@loader_path/Frameworks",
				);
				SWIFT_VERSION = 5.0;
			};
			name = Release;
		};
		5EEB7FD426C00EA8003326C8 /* Debug */ = {
			isa = XCBuildConfiguration;
			baseConfigurationReference = 5E18C1BE26C01272009549C9 /* KEDebugKit-Unit-Tests-Debug.xcconfig */;
			buildSettings = {
				ALWAYS_EMBED_SWIFT_STANDARD_LIBRARIES = YES;
			};
			name = Debug;
		};
		5EEB7FD526C00EA8003326C8 /* Release */ = {
			isa = XCBuildConfiguration;
			baseConfigurationReference = 5E18C1BF26C01272009549C9 /* KEDebugKit-Unit-Tests-Release.xcconfig */;
			buildSettings = {
				ALWAYS_EMBED_SWIFT_STANDARD_LIBRARIES = YES;
			};
			name = Release;
		};
/* End XCBuildConfiguration section */

/* Begin XCConfigurationList section */
		5EEB7FB626C00EA8003326C8 /* Build configuration list for PBXProject "KEDebugKit" */ = {
			isa = XCConfigurationList;
			buildConfigurations = (
				5EEB7FCE26C00EA8003326C8 /* Debug */,
				5EEB7FCF26C00EA8003326C8 /* Release */,
			);
			defaultConfigurationIsVisible = 0;
			defaultConfigurationName = Release;
		};
		5EEB7FD026C00EA8003326C8 /* Build configuration list for PBXNativeTarget "KEDebugKit" */ = {
			isa = XCConfigurationList;
			buildConfigurations = (
				5EEB7FD126C00EA8003326C8 /* Debug */,
				5EEB7FD226C00EA8003326C8 /* Release */,
			);
			defaultConfigurationIsVisible = 0;
			defaultConfigurationName = Release;
		};
		5EEB7FD326C00EA8003326C8 /* Build configuration list for PBXNativeTarget "KEDebugKit Unit Tests" */ = {
			isa = XCConfigurationList;
			buildConfigurations = (
				5EEB7FD426C00EA8003326C8 /* Debug */,
				5EEB7FD526C00EA8003326C8 /* Release */,
			);
			defaultConfigurationIsVisible = 0;
			defaultConfigurationName = Release;
		};
/* End XCConfigurationList section */

/* Begin XCRemoteSwiftPackageReference section */
		5E98AF6526C05397001811C5 /* XCRemoteSwiftPackageReference "KEUIKit" */ = {
			isa = XCRemoteSwiftPackageReference;
			repositoryURL = "https://github.com/kaiengelhardt/KEUIKit.git";
			requirement = {
				kind = upToNextMajorVersion;
				minimumVersion = 0.0.1;
			};
		};
		5E98AF6826C053B5001811C5 /* XCRemoteSwiftPackageReference "KEFoundation" */ = {
			isa = XCRemoteSwiftPackageReference;
			repositoryURL = "https://github.com/kaiengelhardt/KEFoundation.git";
			requirement = {
				kind = upToNextMajorVersion;
				minimumVersion = 0.0.1;
			};
		};
/* End XCRemoteSwiftPackageReference section */

/* Begin XCSwiftPackageProductDependency section */
		5E98AF6626C05397001811C5 /* KEUIKit */ = {
			isa = XCSwiftPackageProductDependency;
			package = 5E98AF6526C05397001811C5 /* XCRemoteSwiftPackageReference "KEUIKit" */;
			productName = KEUIKit;
		};
		5E98AF6926C053B5001811C5 /* KEFoundation */ = {
			isa = XCSwiftPackageProductDependency;
			package = 5E98AF6826C053B5001811C5 /* XCRemoteSwiftPackageReference "KEFoundation" */;
			productName = KEFoundation;
		};
/* End XCSwiftPackageProductDependency section */
	};
	rootObject = 5EEB7FB326C00EA8003326C8 /* Project object */;
}
