{
  "object": {
    "pins": [
      {
        "package": "KEFoundation",
        "repositoryURL": "https://github.com/kaiengelhardt/kefoundation.git",
        "state": {
          "branch": null,
          "revision": "08e5c110e6cb4319acdc69dff646e497730fecc1",
          "version": "0.1.7"
        }
      }
    ]
  },
  "version": 1
}
