{
  "object": {
    "pins": [
      {
        "package": "KEFoundation",
        "repositoryURL": "https://github.com/kaiengelhardt/kefoundation.git",
        "state": {
          "branch": null,
          "revision": "2298bf616d9488b4f92b8c47971e44fabba61c3b",
          "version": "0.1.9"
        }
      }
    ]
  },
  "version": 1
}
