{
  "object": {
    "pins": [
      {
        "package": "KEFoundation",
        "repositoryURL": "https://github.com/kaiengelhardt/KEFoundation.git",
        "state": {
          "branch": null,
          "revision": "63508b2fb023cac08959aae8339d71eede76ea14",
          "version": "0.1.1"
        }
      }
    ]
  },
  "version": 1
}
