{
  "object": {
    "pins": [
      {
        "package": "KEFoundation",
        "repositoryURL": "https://github.com/kaiengelhardt/KEFoundation.git",
        "state": {
          "branch": null,
          "revision": "2121e6dbc462d940c38deead8d7525ccb58979bd",
          "version": "0.0.1"
        }
      }
    ]
  },
  "version": 1
}
