{
  "object": {
    "pins": [
      {
        "package": "KEFoundation",
        "repositoryURL": "https://github.com/kaiengelhardt/KEFoundation.git",
        "state": {
          "branch": null,
          "revision": "2374384c0a6fe61c81189c0d94313fa3e2fb60c1",
          "version": "0.1.5"
        }
      }
    ]
  },
  "version": 1
}
